
Microsoft Visual Studio Solution File, Format Version 12.00
Project("{2150E333-8FDC-42A3-9474-1A3956D46DE8}") = "Aspire", "Aspire", "{C0DFB1F2-EADC-4122-831F-CA52E76BE26D}"
EndProject
Project("{2150E333-8FDC-42A3-9474-1A3956D46DE8}") = "Services", "Services", "{D65FA778-6417-48B1-94B0-4E54A5134997}"
EndProject
Project("{FAE04EC0-301F-11D3-BF4B-00C04F79EFBC}") = "ServiceDefaults", "src\Aspire\ServiceDefaults\ServiceDefaults.csproj", "{CFE41A24-0EB5-45E6-B68C-59B38EE7EC02}"
EndProject
Project("{FAE04EC0-301F-11D3-BF4B-00C04F79EFBC}") = "AppHost", "src\Aspire\AppHost\AppHost.csproj", "{C7D98C1C-21B3-40CA-8E40-F42FF40FB933}"
EndProject
Project("{FAE04EC0-301F-11D3-BF4B-00C04F79EFBC}") = "Basket.API", "src\Services\Basket.API\Basket.API.csproj", "{24286A41-2B30-43AE-98DF-19CED482E5C0}"
EndProject
Global
	GlobalSection(SolutionConfigurationPlatforms) = preSolution
		Debug|Any CPU = Debug|Any CPU
		Release|Any CPU = Release|Any CPU
	EndGlobalSection
	GlobalSection(NestedProjects) = preSolution
		{CFE41A24-0EB5-45E6-B68C-59B38EE7EC02} = {C0DFB1F2-EADC-4122-831F-CA52E76BE26D}
		{C7D98C1C-21B3-40CA-8E40-F42FF40FB933} = {C0DFB1F2-EADC-4122-831F-CA52E76BE26D}
		{24286A41-2B30-43AE-98DF-19CED482E5C0} = {D65FA778-6417-48B1-94B0-4E54A5134997}
	EndGlobalSection
	GlobalSection(ProjectConfigurationPlatforms) = postSolution
		{CFE41A24-0EB5-45E6-B68C-59B38EE7EC02}.Debug|Any CPU.ActiveCfg = Debug|Any CPU
		{CFE41A24-0EB5-45E6-B68C-59B38EE7EC02}.Debug|Any CPU.Build.0 = Debug|Any CPU
		{CFE41A24-0EB5-45E6-B68C-59B38EE7EC02}.Release|Any CPU.ActiveCfg = Release|Any CPU
		{CFE41A24-0EB5-45E6-B68C-59B38EE7EC02}.Release|Any CPU.Build.0 = Release|Any CPU
		{C7D98C1C-21B3-40CA-8E40-F42FF40FB933}.Debug|Any CPU.ActiveCfg = Debug|Any CPU
		{C7D98C1C-21B3-40CA-8E40-F42FF40FB933}.Debug|Any CPU.Build.0 = Debug|Any CPU
		{C7D98C1C-21B3-40CA-8E40-F42FF40FB933}.Release|Any CPU.ActiveCfg = Release|Any CPU
		{C7D98C1C-21B3-40CA-8E40-F42FF40FB933}.Release|Any CPU.Build.0 = Release|Any CPU
		{24286A41-2B30-43AE-98DF-19CED482E5C0}.Debug|Any CPU.ActiveCfg = Debug|Any CPU
		{24286A41-2B30-43AE-98DF-19CED482E5C0}.Debug|Any CPU.Build.0 = Debug|Any CPU
		{24286A41-2B30-43AE-98DF-19CED482E5C0}.Release|Any CPU.ActiveCfg = Release|Any CPU
		{24286A41-2B30-43AE-98DF-19CED482E5C0}.Release|Any CPU.Build.0 = Release|Any CPU
	EndGlobalSection
EndGlobal
